
Microsoft Visual Studio Solution File, Format Version 12.00
# Visual Studio 2013
VisualStudioVersion = 12.0.30110.0
MinimumVisualStudioVersion = 10.0.40219.1
Project("{FAE04EC0-301F-11D3-BF4B-00C04F79EFBC}") = "DaveWebService", "test2\DaveWebService.csproj", "{9096EC53-D39E-4B2D-8447-19136AAD9240}"
EndProject
Project("{FAE04EC0-301F-11D3-BF4B-00C04F79EFBC}") = "UnitTests", "UnitTests\UnitTests.csproj", "{E478EE59-76E1-401E-A3D9-DE13F79A2564}"
EndProject
Global
	GlobalSection(SolutionConfigurationPlatforms) = preSolution
		Debug|Any CPU = Debug|Any CPU
		Release|Any CPU = Release|Any CPU
	EndGlobalSection
	GlobalSection(ProjectConfigurationPlatforms) = postSolution
		{9096EC53-D39E-4B2D-8447-19136AAD9240}.Debug|Any CPU.ActiveCfg = Debug|Any CPU
		{9096EC53-D39E-4B2D-8447-19136AAD9240}.Debug|Any CPU.Build.0 = Debug|Any CPU
		{9096EC53-D39E-4B2D-8447-19136AAD9240}.Release|Any CPU.ActiveCfg = Release|Any CPU
		{9096EC53-D39E-4B2D-8447-19136AAD9240}.Release|Any CPU.Build.0 = Release|Any CPU
		{E478EE59-76E1-401E-A3D9-DE13F79A2564}.Debug|Any CPU.ActiveCfg = Debug|Any CPU
		{E478EE59-76E1-401E-A3D9-DE13F79A2564}.Debug|Any CPU.Build.0 = Debug|Any CPU
		{E478EE59-76E1-401E-A3D9-DE13F79A2564}.Release|Any CPU.ActiveCfg = Release|Any CPU
		{E478EE59-76E1-401E-A3D9-DE13F79A2564}.Release|Any CPU.Build.0 = Release|Any CPU
	EndGlobalSection
	GlobalSection(SolutionProperties) = preSolution
		HideSolutionNode = FALSE
	EndGlobalSection
	GlobalSection(Performance) = preSolution
		HasPerformanceSessions = true
	EndGlobalSection
EndGlobal
